
Microsoft Visual Studio Solution File, Format Version 12.00
# Visual Studio Version 16
VisualStudioVersion = 16.0.28729.10
MinimumVisualStudioVersion = 10.0.40219.1
Project("{FAE04EC0-301F-11D3-BF4B-00C04F79EFBC}") = "LayoutWithCanvas", "LayoutWithCanvas\LayoutWithCanvas.csproj", "{093697A7-A230-47C6-BFC9-11672554656C}"
EndProject
Global
	GlobalSection(SolutionConfigurationPlatforms) = preSolution
		Debug|Any CPU = Debug|Any CPU
		Release|Any CPU = Release|Any CPU
	EndGlobalSection
	GlobalSection(ProjectConfigurationPlatforms) = postSolution
		{093697A7-A230-47C6-BFC9-11672554656C}.Debug|Any CPU.ActiveCfg = Debug|Any CPU
		{093697A7-A230-47C6-BFC9-11672554656C}.Debug|Any CPU.Build.0 = Debug|Any CPU
		{093697A7-A230-47C6-BFC9-11672554656C}.Release|Any CPU.ActiveCfg = Release|Any CPU
		{093697A7-A230-47C6-BFC9-11672554656C}.Release|Any CPU.Build.0 = Release|Any CPU
	EndGlobalSection
	GlobalSection(SolutionProperties) = preSolution
		HideSolutionNode = FALSE
	EndGlobalSection
	GlobalSection(ExtensibilityGlobals) = postSolution
		SolutionGuid = {5437A125-9C68-4473-8D14-C3B4E3D8D71D}
	EndGlobalSection
EndGlobal
