
Microsoft Visual Studio Solution File, Format Version 12.00
# Visual Studio Version 16
VisualStudioVersion = 16.0.28729.10
MinimumVisualStudioVersion = 10.0.40219.1
Project("{FAE04EC0-301F-11D3-BF4B-00C04F79EFBC}") = "LayoutWithGrids", "LayoutWithGrids\LayoutWithGrids.csproj", "{D98B1CE7-2BA9-468F-8FF2-A23F68342EAF}"
EndProject
Global
	GlobalSection(SolutionConfigurationPlatforms) = preSolution
		Debug|Any CPU = Debug|Any CPU
		Release|Any CPU = Release|Any CPU
	EndGlobalSection
	GlobalSection(ProjectConfigurationPlatforms) = postSolution
		{D98B1CE7-2BA9-468F-8FF2-A23F68342EAF}.Debug|Any CPU.ActiveCfg = Debug|Any CPU
		{D98B1CE7-2BA9-468F-8FF2-A23F68342EAF}.Debug|Any CPU.Build.0 = Debug|Any CPU
		{D98B1CE7-2BA9-468F-8FF2-A23F68342EAF}.Release|Any CPU.ActiveCfg = Release|Any CPU
		{D98B1CE7-2BA9-468F-8FF2-A23F68342EAF}.Release|Any CPU.Build.0 = Release|Any CPU
	EndGlobalSection
	GlobalSection(SolutionProperties) = preSolution
		HideSolutionNode = FALSE
	EndGlobalSection
	GlobalSection(ExtensibilityGlobals) = postSolution
		SolutionGuid = {82D5461C-7812-458B-A46B-DEE5DB0E708E}
	EndGlobalSection
EndGlobal
